// !$*UTF8*$!
{
	archiveVersion = 1;
	classes = {
	};
	objectVersion = 46;
	objects = {

/* Begin PBXBuildFile section */
		1F477907213F514E00FBCD99 /* AppDelegate.swift in Sources */ = {isa = PBXBuildFile; fileRef = 1F477906213F514E00FBCD99 /* AppDelegate.swift */; };
		1F47790C213F514E00FBCD99 /* Main.storyboard in Resources */ = {isa = PBXBuildFile; fileRef = 1F47790A213F514E00FBCD99 /* Main.storyboard */; };
		1F47790E213F514E00FBCD99 /* Assets.xcassets in Resources */ = {isa = PBXBuildFile; fileRef = 1F47790D213F514E00FBCD99 /* Assets.xcassets */; };
		1F477911213F514E00FBCD99 /* LaunchScreen.storyboard in Resources */ = {isa = PBXBuildFile; fileRef = 1F47790F213F514E00FBCD99 /* LaunchScreen.storyboard */; };
		1F47791C213F514E00FBCD99 /* FlixTests.swift in Sources */ = {isa = PBXBuildFile; fileRef = 1F47791B213F514E00FBCD99 /* FlixTests.swift */; };
		1F477927213F514E00FBCD99 /* FlixUITests.swift in Sources */ = {isa = PBXBuildFile; fileRef = 1F477926213F514E00FBCD99 /* FlixUITests.swift */; };
		1F477935213F731D00FBCD99 /* NowPlayingViewController.swift in Sources */ = {isa = PBXBuildFile; fileRef = 1F477934213F731D00FBCD99 /* NowPlayingViewController.swift */; };
		2AC77BD19B7F1D5A64D82B60 /* Pods_FlixTests.framework in Frameworks */ = {isa = PBXBuildFile; fileRef = 7230153D038F15425682D87F /* Pods_FlixTests.framework */; };
		669E113EB6F96333E19FB32A /* Pods_Flix.framework in Frameworks */ = {isa = PBXBuildFile; fileRef = AFD3A7B2F2963A073A7EAB63 /* Pods_Flix.framework */; };
		68CE416BD1CFFB23D554B318 /* Pods_FlixUITests.framework in Frameworks */ = {isa = PBXBuildFile; fileRef = E875373F7028F92AFC2400DB /* Pods_FlixUITests.framework */; };
		BD01DC702146143A00570E3F /* MovieCell.swift in Sources */ = {isa = PBXBuildFile; fileRef = BD01DC6F2146143A00570E3F /* MovieCell.swift */; };
/* End PBXBuildFile section */

/* Begin PBXContainerItemProxy section */
		1F477918213F514E00FBCD99 /* PBXContainerItemProxy */ = {
			isa = PBXContainerItemProxy;
			containerPortal = 1F4778FB213F514E00FBCD99 /* Project object */;
			proxyType = 1;
			remoteGlobalIDString = 1F477902213F514E00FBCD99;
			remoteInfo = Flix;
		};
		1F477923213F514E00FBCD99 /* PBXContainerItemProxy */ = {
			isa = PBXContainerItemProxy;
			containerPortal = 1F4778FB213F514E00FBCD99 /* Project object */;
			proxyType = 1;
			remoteGlobalIDString = 1F477902213F514E00FBCD99;
			remoteInfo = Flix;
		};
/* End PBXContainerItemProxy section */

/* Begin PBXFileReference section */
		1F477903213F514E00FBCD99 /* Flix.app */ = {isa = PBXFileReference; explicitFileType = wrapper.application; includeInIndex = 0; path = Flix.app; sourceTree = BUILT_PRODUCTS_DIR; };
		1F477906213F514E00FBCD99 /* AppDelegate.swift */ = {isa = PBXFileReference; lastKnownFileType = sourcecode.swift; path = AppDelegate.swift; sourceTree = "<group>"; };
		1F47790B213F514E00FBCD99 /* Base */ = {isa = PBXFileReference; lastKnownFileType = file.storyboard; name = Base; path = Base.lproj/Main.storyboard; sourceTree = "<group>"; };
		1F47790D213F514E00FBCD99 /* Assets.xcassets */ = {isa = PBXFileReference; lastKnownFileType = folder.assetcatalog; path = Assets.xcassets; sourceTree = "<group>"; };
		1F477910213F514E00FBCD99 /* Base */ = {isa = PBXFileReference; lastKnownFileType = file.storyboard; name = Base; path = Base.lproj/LaunchScreen.storyboard; sourceTree = "<group>"; };
		1F477912213F514E00FBCD99 /* Info.plist */ = {isa = PBXFileReference; lastKnownFileType = text.plist.xml; path = Info.plist; sourceTree = "<group>"; };
		1F477917213F514E00FBCD99 /* FlixTests.xctest */ = {isa = PBXFileReference; explicitFileType = wrapper.cfbundle; includeInIndex = 0; path = FlixTests.xctest; sourceTree = BUILT_PRODUCTS_DIR; };
		1F47791B213F514E00FBCD99 /* FlixTests.swift */ = {isa = PBXFileReference; lastKnownFileType = sourcecode.swift; path = FlixTests.swift; sourceTree = "<group>"; };
		1F47791D213F514E00FBCD99 /* Info.plist */ = {isa = PBXFileReference; lastKnownFileType = text.plist.xml; path = Info.plist; sourceTree = "<group>"; };
		1F477922213F514E00FBCD99 /* FlixUITests.xctest */ = {isa = PBXFileReference; explicitFileType = wrapper.cfbundle; includeInIndex = 0; path = FlixUITests.xctest; sourceTree = BUILT_PRODUCTS_DIR; };
		1F477926213F514E00FBCD99 /* FlixUITests.swift */ = {isa = PBXFileReference; lastKnownFileType = sourcecode.swift; path = FlixUITests.swift; sourceTree = "<group>"; };
		1F477928213F514E00FBCD99 /* Info.plist */ = {isa = PBXFileReference; lastKnownFileType = text.plist.xml; path = Info.plist; sourceTree = "<group>"; };
		1F477934213F731D00FBCD99 /* NowPlayingViewController.swift */ = {isa = PBXFileReference; fileEncoding = 4; lastKnownFileType = sourcecode.swift; path = NowPlayingViewController.swift; sourceTree = "<group>"; };
		333D07F37CB5F4ACE80C40B4 /* Pods-FlixTests.release.xcconfig */ = {isa = PBXFileReference; includeInIndex = 1; lastKnownFileType = text.xcconfig; name = "Pods-FlixTests.release.xcconfig"; path = "Pods/Target Support Files/Pods-FlixTests/Pods-FlixTests.release.xcconfig"; sourceTree = "<group>"; };
		7230153D038F15425682D87F /* Pods_FlixTests.framework */ = {isa = PBXFileReference; explicitFileType = wrapper.framework; includeInIndex = 0; path = Pods_FlixTests.framework; sourceTree = BUILT_PRODUCTS_DIR; };
		7794179628D32D3E489BEDF5 /* Pods-FlixTests.debug.xcconfig */ = {isa = PBXFileReference; includeInIndex = 1; lastKnownFileType = text.xcconfig; name = "Pods-FlixTests.debug.xcconfig"; path = "Pods/Target Support Files/Pods-FlixTests/Pods-FlixTests.debug.xcconfig"; sourceTree = "<group>"; };
		8AFF32B02E532C2DD926D52A /* Pods-Flix.release.xcconfig */ = {isa = PBXFileReference; includeInIndex = 1; lastKnownFileType = text.xcconfig; name = "Pods-Flix.release.xcconfig"; path = "Pods/Target Support Files/Pods-Flix/Pods-Flix.release.xcconfig"; sourceTree = "<group>"; };
		AFD3A7B2F2963A073A7EAB63 /* Pods_Flix.framework */ = {isa = PBXFileReference; explicitFileType = wrapper.framework; includeInIndex = 0; path = Pods_Flix.framework; sourceTree = BUILT_PRODUCTS_DIR; };
		BD01DC6F2146143A00570E3F /* MovieCell.swift */ = {isa = PBXFileReference; lastKnownFileType = sourcecode.swift; path = MovieCell.swift; sourceTree = "<group>"; };
		C766EFADF83881D291714BAC /* Pods-FlixUITests.debug.xcconfig */ = {isa = PBXFileReference; includeInIndex = 1; lastKnownFileType = text.xcconfig; name = "Pods-FlixUITests.debug.xcconfig"; path = "Pods/Target Support Files/Pods-FlixUITests/Pods-FlixUITests.debug.xcconfig"; sourceTree = "<group>"; };
		CC12FB1FD7D3768F25932FA3 /* Pods-FlixUITests.release.xcconfig */ = {isa = PBXFileReference; includeInIndex = 1; lastKnownFileType = text.xcconfig; name = "Pods-FlixUITests.release.xcconfig"; path = "Pods/Target Support Files/Pods-FlixUITests/Pods-FlixUITests.release.xcconfig"; sourceTree = "<group>"; };
		CF25564285394F3ED75666D7 /* Pods-Flix.debug.xcconfig */ = {isa = PBXFileReference; includeInIndex = 1; lastKnownFileType = text.xcconfig; name = "Pods-Flix.debug.xcconfig"; path = "Pods/Target Support Files/Pods-Flix/Pods-Flix.debug.xcconfig"; sourceTree = "<group>"; };
		E875373F7028F92AFC2400DB /* Pods_FlixUITests.framework */ = {isa = PBXFileReference; explicitFileType = wrapper.framework; includeInIndex = 0; path = Pods_FlixUITests.framework; sourceTree = BUILT_PRODUCTS_DIR; };
/* End PBXFileReference section */

/* Begin PBXFrameworksBuildPhase section */
		1F477900213F514E00FBCD99 /* Frameworks */ = {
			isa = PBXFrameworksBuildPhase;
			buildActionMask = 2147483647;
			files = (
				669E113EB6F96333E19FB32A /* Pods_Flix.framework in Frameworks */,
			);
			runOnlyForDeploymentPostprocessing = 0;
		};
		1F477914213F514E00FBCD99 /* Frameworks */ = {
			isa = PBXFrameworksBuildPhase;
			buildActionMask = 2147483647;
			files = (
				2AC77BD19B7F1D5A64D82B60 /* Pods_FlixTests.framework in Frameworks */,
			);
			runOnlyForDeploymentPostprocessing = 0;
		};
		1F47791F213F514E00FBCD99 /* Frameworks */ = {
			isa = PBXFrameworksBuildPhase;
			buildActionMask = 2147483647;
			files = (
				68CE416BD1CFFB23D554B318 /* Pods_FlixUITests.framework in Frameworks */,
			);
			runOnlyForDeploymentPostprocessing = 0;
		};
/* End PBXFrameworksBuildPhase section */

/* Begin PBXGroup section */
		1F4778FA213F514E00FBCD99 = {
			isa = PBXGroup;
			children = (
				1F477905213F514E00FBCD99 /* Flix */,
				1F47791A213F514E00FBCD99 /* FlixTests */,
				1F477925213F514E00FBCD99 /* FlixUITests */,
				1F477904213F514E00FBCD99 /* Products */,
				7A0BDC6335B3B34317A1D5D7 /* Pods */,
				304E28E2696C4A247AC6AEED /* Frameworks */,
			);
			sourceTree = "<group>";
		};
		1F477904213F514E00FBCD99 /* Products */ = {
			isa = PBXGroup;
			children = (
				1F477903213F514E00FBCD99 /* Flix.app */,
				1F477917213F514E00FBCD99 /* FlixTests.xctest */,
				1F477922213F514E00FBCD99 /* FlixUITests.xctest */,
			);
			name = Products;
			sourceTree = "<group>";
		};
		1F477905213F514E00FBCD99 /* Flix */ = {
			isa = PBXGroup;
			children = (
				1F477934213F731D00FBCD99 /* NowPlayingViewController.swift */,
				1F477906213F514E00FBCD99 /* AppDelegate.swift */,
				1F47790A213F514E00FBCD99 /* Main.storyboard */,
				1F47790D213F514E00FBCD99 /* Assets.xcassets */,
				1F47790F213F514E00FBCD99 /* LaunchScreen.storyboard */,
				1F477912213F514E00FBCD99 /* Info.plist */,
				BD01DC6F2146143A00570E3F /* MovieCell.swift */,
			);
			path = Flix;
			sourceTree = "<group>";
		};
		1F47791A213F514E00FBCD99 /* FlixTests */ = {
			isa = PBXGroup;
			children = (
				1F47791B213F514E00FBCD99 /* FlixTests.swift */,
				1F47791D213F514E00FBCD99 /* Info.plist */,
			);
			path = FlixTests;
			sourceTree = "<group>";
		};
		1F477925213F514E00FBCD99 /* FlixUITests */ = {
			isa = PBXGroup;
			children = (
				1F477926213F514E00FBCD99 /* FlixUITests.swift */,
				1F477928213F514E00FBCD99 /* Info.plist */,
			);
			path = FlixUITests;
			sourceTree = "<group>";
		};
		304E28E2696C4A247AC6AEED /* Frameworks */ = {
			isa = PBXGroup;
			children = (
				AFD3A7B2F2963A073A7EAB63 /* Pods_Flix.framework */,
				7230153D038F15425682D87F /* Pods_FlixTests.framework */,
				E875373F7028F92AFC2400DB /* Pods_FlixUITests.framework */,
			);
			name = Frameworks;
			sourceTree = "<group>";
		};
		7A0BDC6335B3B34317A1D5D7 /* Pods */ = {
			isa = PBXGroup;
			children = (
				CF25564285394F3ED75666D7 /* Pods-Flix.debug.xcconfig */,
				8AFF32B02E532C2DD926D52A /* Pods-Flix.release.xcconfig */,
				7794179628D32D3E489BEDF5 /* Pods-FlixTests.debug.xcconfig */,
				333D07F37CB5F4ACE80C40B4 /* Pods-FlixTests.release.xcconfig */,
				C766EFADF83881D291714BAC /* Pods-FlixUITests.debug.xcconfig */,
				CC12FB1FD7D3768F25932FA3 /* Pods-FlixUITests.release.xcconfig */,
			);
			name = Pods;
			sourceTree = "<group>";
		};
/* End PBXGroup section */

/* Begin PBXNativeTarget section */
		1F477902213F514E00FBCD99 /* Flix */ = {
			isa = PBXNativeTarget;
			buildConfigurationList = 1F47792B213F514E00FBCD99 /* Build configuration list for PBXNativeTarget "Flix" */;
			buildPhases = (
				3628ED16C5E851512A189F8F /* [CP] Check Pods Manifest.lock */,
				1F4778FF213F514E00FBCD99 /* Sources */,
				1F477900213F514E00FBCD99 /* Frameworks */,
				1F477901213F514E00FBCD99 /* Resources */,
				DD8A5822298B7CC8DCA01CCC /* [CP] Embed Pods Frameworks */,
			);
			buildRules = (
			);
			dependencies = (
			);
			name = Flix;
			productName = Flix;
			productReference = 1F477903213F514E00FBCD99 /* Flix.app */;
			productType = "com.apple.product-type.application";
		};
		1F477916213F514E00FBCD99 /* FlixTests */ = {
			isa = PBXNativeTarget;
			buildConfigurationList = 1F47792E213F514E00FBCD99 /* Build configuration list for PBXNativeTarget "FlixTests" */;
			buildPhases = (
				9BEFFDE3EC44E916D331133F /* [CP] Check Pods Manifest.lock */,
				1F477913213F514E00FBCD99 /* Sources */,
				1F477914213F514E00FBCD99 /* Frameworks */,
				1F477915213F514E00FBCD99 /* Resources */,
			);
			buildRules = (
			);
			dependencies = (
				1F477919213F514E00FBCD99 /* PBXTargetDependency */,
			);
			name = FlixTests;
			productName = FlixTests;
			productReference = 1F477917213F514E00FBCD99 /* FlixTests.xctest */;
			productType = "com.apple.product-type.bundle.unit-test";
		};
		1F477921213F514E00FBCD99 /* FlixUITests */ = {
			isa = PBXNativeTarget;
			buildConfigurationList = 1F477931213F514E00FBCD99 /* Build configuration list for PBXNativeTarget "FlixUITests" */;
			buildPhases = (
				2301D695E2C1AD15560E85A6 /* [CP] Check Pods Manifest.lock */,
				1F47791E213F514E00FBCD99 /* Sources */,
				1F47791F213F514E00FBCD99 /* Frameworks */,
				1F477920213F514E00FBCD99 /* Resources */,
			);
			buildRules = (
			);
			dependencies = (
				1F477924213F514E00FBCD99 /* PBXTargetDependency */,
			);
			name = FlixUITests;
			productName = FlixUITests;
			productReference = 1F477922213F514E00FBCD99 /* FlixUITests.xctest */;
			productType = "com.apple.product-type.bundle.ui-testing";
		};
/* End PBXNativeTarget section */

/* Begin PBXProject section */
		1F4778FB213F514E00FBCD99 /* Project object */ = {
			isa = PBXProject;
			attributes = {
				LastSwiftUpdateCheck = 0830;
				LastUpgradeCheck = 0830;
				ORGANIZATIONNAME = "Sriram Hariharan";
				TargetAttributes = {
					1F477902213F514E00FBCD99 = {
						CreatedOnToolsVersion = 8.3.3;
						ProvisioningStyle = Automatic;
					};
					1F477916213F514E00FBCD99 = {
						CreatedOnToolsVersion = 8.3.3;
						ProvisioningStyle = Automatic;
						TestTargetID = 1F477902213F514E00FBCD99;
					};
					1F477921213F514E00FBCD99 = {
						CreatedOnToolsVersion = 8.3.3;
						ProvisioningStyle = Automatic;
						TestTargetID = 1F477902213F514E00FBCD99;
					};
				};
			};
			buildConfigurationList = 1F4778FE213F514E00FBCD99 /* Build configuration list for PBXProject "Flix" */;
			compatibilityVersion = "Xcode 3.2";
			developmentRegion = English;
			hasScannedForEncodings = 0;
			knownRegions = (
				en,
				Base,
			);
			mainGroup = 1F4778FA213F514E00FBCD99;
			productRefGroup = 1F477904213F514E00FBCD99 /* Products */;
			projectDirPath = "";
			projectRoot = "";
			targets = (
				1F477902213F514E00FBCD99 /* Flix */,
				1F477916213F514E00FBCD99 /* FlixTests */,
				1F477921213F514E00FBCD99 /* FlixUITests */,
			);
		};
/* End PBXProject section */

/* Begin PBXResourcesBuildPhase section */
		1F477901213F514E00FBCD99 /* Resources */ = {
			isa = PBXResourcesBuildPhase;
			buildActionMask = 2147483647;
			files = (
				1F477911213F514E00FBCD99 /* LaunchScreen.storyboard in Resources */,
				1F47790E213F514E00FBCD99 /* Assets.xcassets in Resources */,
				1F47790C213F514E00FBCD99 /* Main.storyboard in Resources */,
			);
			runOnlyForDeploymentPostprocessing = 0;
		};
		1F477915213F514E00FBCD99 /* Resources */ = {
			isa = PBXResourcesBuildPhase;
			buildActionMask = 2147483647;
			files = (
			);
			runOnlyForDeploymentPostprocessing = 0;
		};
		1F477920213F514E00FBCD99 /* Resources */ = {
			isa = PBXResourcesBuildPhase;
			buildActionMask = 2147483647;
			files = (
			);
			runOnlyForDeploymentPostprocessing = 0;
		};
/* End PBXResourcesBuildPhase section */

/* Begin PBXShellScriptBuildPhase section */
		2301D695E2C1AD15560E85A6 /* [CP] Check Pods Manifest.lock */ = {
			isa = PBXShellScriptBuildPhase;
			buildActionMask = 2147483647;
			files = (
			);
			inputPaths = (
				"${PODS_PODFILE_DIR_PATH}/Podfile.lock",
				"${PODS_ROOT}/Manifest.lock",
			);
			name = "[CP] Check Pods Manifest.lock";
			outputPaths = (
				"$(DERIVED_FILE_DIR)/Pods-FlixUITests-checkManifestLockResult.txt",
			);
			runOnlyForDeploymentPostprocessing = 0;
			shellPath = /bin/sh;
			shellScript = "diff \"${PODS_PODFILE_DIR_PATH}/Podfile.lock\" \"${PODS_ROOT}/Manifest.lock\" > /dev/null\nif [ $? != 0 ] ; then\n    # print error to STDERR\n    echo \"error: The sandbox is not in sync with the Podfile.lock. Run 'pod install' or update your CocoaPods installation.\" >&2\n    exit 1\nfi\n# This output is used by Xcode 'outputs' to avoid re-running this script phase.\necho \"SUCCESS\" > \"${SCRIPT_OUTPUT_FILE_0}\"\n";
			showEnvVarsInLog = 0;
		};
		3628ED16C5E851512A189F8F /* [CP] Check Pods Manifest.lock */ = {
			isa = PBXShellScriptBuildPhase;
			buildActionMask = 2147483647;
			files = (
			);
			inputPaths = (
				"${PODS_PODFILE_DIR_PATH}/Podfile.lock",
				"${PODS_ROOT}/Manifest.lock",
			);
			name = "[CP] Check Pods Manifest.lock";
			outputPaths = (
				"$(DERIVED_FILE_DIR)/Pods-Flix-checkManifestLockResult.txt",
			);
			runOnlyForDeploymentPostprocessing = 0;
			shellPath = /bin/sh;
			shellScript = "diff \"${PODS_PODFILE_DIR_PATH}/Podfile.lock\" \"${PODS_ROOT}/Manifest.lock\" > /dev/null\nif [ $? != 0 ] ; then\n    # print error to STDERR\n    echo \"error: The sandbox is not in sync with the Podfile.lock. Run 'pod install' or update your CocoaPods installation.\" >&2\n    exit 1\nfi\n# This output is used by Xcode 'outputs' to avoid re-running this script phase.\necho \"SUCCESS\" > \"${SCRIPT_OUTPUT_FILE_0}\"\n";
			showEnvVarsInLog = 0;
		};
		9BEFFDE3EC44E916D331133F /* [CP] Check Pods Manifest.lock */ = {
			isa = PBXShellScriptBuildPhase;
			buildActionMask = 2147483647;
			files = (
			);
			inputPaths = (
				"${PODS_PODFILE_DIR_PATH}/Podfile.lock",
				"${PODS_ROOT}/Manifest.lock",
			);
			name = "[CP] Check Pods Manifest.lock";
			outputPaths = (
				"$(DERIVED_FILE_DIR)/Pods-FlixTests-checkManifestLockResult.txt",
			);
			runOnlyForDeploymentPostprocessing = 0;
			shellPath = /bin/sh;
			shellScript = "diff \"${PODS_PODFILE_DIR_PATH}/Podfile.lock\" \"${PODS_ROOT}/Manifest.lock\" > /dev/null\nif [ $? != 0 ] ; then\n    # print error to STDERR\n    echo \"error: The sandbox is not in sync with the Podfile.lock. Run 'pod install' or update your CocoaPods installation.\" >&2\n    exit 1\nfi\n# This output is used by Xcode 'outputs' to avoid re-running this script phase.\necho \"SUCCESS\" > \"${SCRIPT_OUTPUT_FILE_0}\"\n";
			showEnvVarsInLog = 0;
		};
		DD8A5822298B7CC8DCA01CCC /* [CP] Embed Pods Frameworks */ = {
			isa = PBXShellScriptBuildPhase;
			buildActionMask = 2147483647;
			files = (
			);
			inputPaths = (
				"${SRCROOT}/Pods/Target Support Files/Pods-Flix/Pods-Flix-frameworks.sh",
				"${BUILT_PRODUCTS_DIR}/Alamofire/Alamofire.framework",
				"${BUILT_PRODUCTS_DIR}/AlamofireImage/AlamofireImage.framework",
			);
			name = "[CP] Embed Pods Frameworks";
			outputPaths = (
				"${TARGET_BUILD_DIR}/${FRAMEWORKS_FOLDER_PATH}/Alamofire.framework",
				"${TARGET_BUILD_DIR}/${FRAMEWORKS_FOLDER_PATH}/AlamofireImage.framework",
			);
			runOnlyForDeploymentPostprocessing = 0;
			shellPath = /bin/sh;
			shellScript = "\"${SRCROOT}/Pods/Target Support Files/Pods-Flix/Pods-Flix-frameworks.sh\"\n";
			showEnvVarsInLog = 0;
		};
/* End PBXShellScriptBuildPhase section */

/* Begin PBXSourcesBuildPhase section */
		1F4778FF213F514E00FBCD99 /* Sources */ = {
			isa = PBXSourcesBuildPhase;
			buildActionMask = 2147483647;
			files = (
				1F477935213F731D00FBCD99 /* NowPlayingViewController.swift in Sources */,
				1F477907213F514E00FBCD99 /* AppDelegate.swift in Sources */,
				BD01DC702146143A00570E3F /* MovieCell.swift in Sources */,
			);
			runOnlyForDeploymentPostprocessing = 0;
		};
		1F477913213F514E00FBCD99 /* Sources */ = {
			isa = PBXSourcesBuildPhase;
			buildActionMask = 2147483647;
			files = (
				1F47791C213F514E00FBCD99 /* FlixTests.swift in Sources */,
			);
			runOnlyForDeploymentPostprocessing = 0;
		};
		1F47791E213F514E00FBCD99 /* Sources */ = {
			isa = PBXSourcesBuildPhase;
			buildActionMask = 2147483647;
			files = (
				1F477927213F514E00FBCD99 /* FlixUITests.swift in Sources */,
			);
			runOnlyForDeploymentPostprocessing = 0;
		};
/* End PBXSourcesBuildPhase section */

/* Begin PBXTargetDependency section */
		1F477919213F514E00FBCD99 /* PBXTargetDependency */ = {
			isa = PBXTargetDependency;
			target = 1F477902213F514E00FBCD99 /* Flix */;
			targetProxy = 1F477918213F514E00FBCD99 /* PBXContainerItemProxy */;
		};
		1F477924213F514E00FBCD99 /* PBXTargetDependency */ = {
			isa = PBXTargetDependency;
			target = 1F477902213F514E00FBCD99 /* Flix */;
			targetProxy = 1F477923213F514E00FBCD99 /* PBXContainerItemProxy */;
		};
/* End PBXTargetDependency section */

/* Begin PBXVariantGroup section */
		1F47790A213F514E00FBCD99 /* Main.storyboard */ = {
			isa = PBXVariantGroup;
			children = (
				1F47790B213F514E00FBCD99 /* Base */,
			);
			name = Main.storyboard;
			sourceTree = "<group>";
		};
		1F47790F213F514E00FBCD99 /* LaunchScreen.storyboard */ = {
			isa = PBXVariantGroup;
			children = (
				1F477910213F514E00FBCD99 /* Base */,
			);
			name = LaunchScreen.storyboard;
			sourceTree = "<group>";
		};
/* End PBXVariantGroup section */

/* Begin XCBuildConfiguration section */
		1F477929213F514E00FBCD99 /* Debug */ = {
			isa = XCBuildConfiguration;
			buildSettings = {
				ALWAYS_SEARCH_USER_PATHS = NO;
				CLANG_ANALYZER_NONNULL = YES;
				CLANG_ANALYZER_NUMBER_OBJECT_CONVERSION = YES_AGGRESSIVE;
				CLANG_CXX_LANGUAGE_STANDARD = "gnu++0x";
				CLANG_CXX_LIBRARY = "libc++";
				CLANG_ENABLE_MODULES = YES;
				CLANG_ENABLE_OBJC_ARC = YES;
				CLANG_WARN_BOOL_CONVERSION = YES;
				CLANG_WARN_CONSTANT_CONVERSION = YES;
				CLANG_WARN_DIRECT_OBJC_ISA_USAGE = YES_ERROR;
				CLANG_WARN_DOCUMENTATION_COMMENTS = YES;
				CLANG_WARN_EMPTY_BODY = YES;
				CLANG_WARN_ENUM_CONVERSION = YES;
				CLANG_WARN_INFINITE_RECURSION = YES;
				CLANG_WARN_INT_CONVERSION = YES;
				CLANG_WARN_OBJC_ROOT_CLASS = YES_ERROR;
				CLANG_WARN_SUSPICIOUS_MOVE = YES;
				CLANG_WARN_UNREACHABLE_CODE = YES;
				CLANG_WARN__DUPLICATE_METHOD_MATCH = YES;
				"CODE_SIGN_IDENTITY[sdk=iphoneos*]" = "iPhone Developer";
				COPY_PHASE_STRIP = NO;
				DEBUG_INFORMATION_FORMAT = dwarf;
				ENABLE_STRICT_OBJC_MSGSEND = YES;
				ENABLE_TESTABILITY = YES;
				GCC_C_LANGUAGE_STANDARD = gnu99;
				GCC_DYNAMIC_NO_PIC = NO;
				GCC_NO_COMMON_BLOCKS = YES;
				GCC_OPTIMIZATION_LEVEL = 0;
				GCC_PREPROCESSOR_DEFINITIONS = (
					"DEBUG=1",
					"$(inherited)",
				);
				GCC_WARN_64_TO_32_BIT_CONVERSION = YES;
				GCC_WARN_ABOUT_RETURN_TYPE = YES_ERROR;
				GCC_WARN_UNDECLARED_SELECTOR = YES;
				GCC_WARN_UNINITIALIZED_AUTOS = YES_AGGRESSIVE;
				GCC_WARN_UNUSED_FUNCTION = YES;
				GCC_WARN_UNUSED_VARIABLE = YES;
				IPHONEOS_DEPLOYMENT_TARGET = 10.3;
				MTL_ENABLE_DEBUG_INFO = YES;
				ONLY_ACTIVE_ARCH = YES;
				SDKROOT = iphoneos;
				SWIFT_ACTIVE_COMPILATION_CONDITIONS = DEBUG;
				SWIFT_OPTIMIZATION_LEVEL = "-Onone";
			};
			name = Debug;
		};
		1F47792A213F514E00FBCD99 /* Release */ = {
			isa = XCBuildConfiguration;
			buildSettings = {
				ALWAYS_SEARCH_USER_PATHS = NO;
				CLANG_ANALYZER_NONNULL = YES;
				CLANG_ANALYZER_NUMBER_OBJECT_CONVERSION = YES_AGGRESSIVE;
				CLANG_CXX_LANGUAGE_STANDARD = "gnu++0x";
				CLANG_CXX_LIBRARY = "libc++";
				CLANG_ENABLE_MODULES = YES;
				CLANG_ENABLE_OBJC_ARC = YES;
				CLANG_WARN_BOOL_CONVERSION = YES;
				CLANG_WARN_CONSTANT_CONVERSION = YES;
				CLANG_WARN_DIRECT_OBJC_ISA_USAGE = YES_ERROR;
				CLANG_WARN_DOCUMENTATION_COMMENTS = YES;
				CLANG_WARN_EMPTY_BODY = YES;
				CLANG_WARN_ENUM_CONVERSION = YES;
				CLANG_WARN_INFINITE_RECURSION = YES;
				CLANG_WARN_INT_CONVERSION = YES;
				CLANG_WARN_OBJC_ROOT_CLASS = YES_ERROR;
				CLANG_WARN_SUSPICIOUS_MOVE = YES;
				CLANG_WARN_UNREACHABLE_CODE = YES;
				CLANG_WARN__DUPLICATE_METHOD_MATCH = YES;
				"CODE_SIGN_IDENTITY[sdk=iphoneos*]" = "iPhone Developer";
				COPY_PHASE_STRIP = NO;
				DEBUG_INFORMATION_FORMAT = "dwarf-with-dsym";
				ENABLE_NS_ASSERTIONS = NO;
				ENABLE_STRICT_OBJC_MSGSEND = YES;
				GCC_C_LANGUAGE_STANDARD = gnu99;
				GCC_NO_COMMON_BLOCKS = YES;
				GCC_WARN_64_TO_32_BIT_CONVERSION = YES;
				GCC_WARN_ABOUT_RETURN_TYPE = YES_ERROR;
				GCC_WARN_UNDECLARED_SELECTOR = YES;
				GCC_WARN_UNINITIALIZED_AUTOS = YES_AGGRESSIVE;
				GCC_WARN_UNUSED_FUNCTION = YES;
				GCC_WARN_UNUSED_VARIABLE = YES;
				IPHONEOS_DEPLOYMENT_TARGET = 10.3;
				MTL_ENABLE_DEBUG_INFO = NO;
				SDKROOT = iphoneos;
				SWIFT_OPTIMIZATION_LEVEL = "-Owholemodule";
				VALIDATE_PRODUCT = YES;
			};
			name = Release;
		};
		1F47792C213F514E00FBCD99 /* Debug */ = {
			isa = XCBuildConfiguration;
			baseConfigurationReference = CF25564285394F3ED75666D7 /* Pods-Flix.debug.xcconfig */;
			buildSettings = {
				ASSETCATALOG_COMPILER_APPICON_NAME = AppIcon;
				INFOPLIST_FILE = Flix/Info.plist;
				LD_RUNPATH_SEARCH_PATHS = "$(inherited) @executable_path/Frameworks";
				PRODUCT_BUNDLE_IDENTIFIER = com.sriramhariharan.Flix;
				PRODUCT_NAME = "$(TARGET_NAME)";
				SWIFT_VERSION = 3.0;
			};
			name = Debug;
		};
		1F47792D213F514E00FBCD99 /* Release */ = {
			isa = XCBuildConfiguration;
			baseConfigurationReference = 8AFF32B02E532C2DD926D52A /* Pods-Flix.release.xcconfig */;
			buildSettings = {
				ASSETCATALOG_COMPILER_APPICON_NAME = AppIcon;
				INFOPLIST_FILE = Flix/Info.plist;
				LD_RUNPATH_SEARCH_PATHS = "$(inherited) @executable_path/Frameworks";
				PRODUCT_BUNDLE_IDENTIFIER = com.sriramhariharan.Flix;
				PRODUCT_NAME = "$(TARGET_NAME)";
				SWIFT_VERSION = 3.0;
			};
			name = Release;
		};
		1F47792F213F514E00FBCD99 /* Debug */ = {
			isa = XCBuildConfiguration;
			baseConfigurationReference = 7794179628D32D3E489BEDF5 /* Pods-FlixTests.debug.xcconfig */;
			buildSettings = {
				ALWAYS_EMBED_SWIFT_STANDARD_LIBRARIES = YES;
				BUNDLE_LOADER = "$(TEST_HOST)";
				INFOPLIST_FILE = FlixTests/Info.plist;
				LD_RUNPATH_SEARCH_PATHS = "$(inherited) @executable_path/Frameworks @loader_path/Frameworks";
				PRODUCT_BUNDLE_IDENTIFIER = com.sriramhariharan.FlixTests;
				PRODUCT_NAME = "$(TARGET_NAME)";
				SWIFT_VERSION = 3.0;
				TEST_HOST = "$(BUILT_PRODUCTS_DIR)/Flix.app/Flix";
			};
			name = Debug;
		};
		1F477930213F514E00FBCD99 /* Release */ = {
			isa = XCBuildConfiguration;
			baseConfigurationReference = 333D07F37CB5F4ACE80C40B4 /* Pods-FlixTests.release.xcconfig */;
			buildSettings = {
				ALWAYS_EMBED_SWIFT_STANDARD_LIBRARIES = YES;
				BUNDLE_LOADER = "$(TEST_HOST)";
				INFOPLIST_FILE = FlixTests/Info.plist;
				LD_RUNPATH_SEARCH_PATHS = "$(inherited) @executable_path/Frameworks @loader_path/Frameworks";
				PRODUCT_BUNDLE_IDENTIFIER = com.sriramhariharan.FlixTests;
				PRODUCT_NAME = "$(TARGET_NAME)";
				SWIFT_VERSION = 3.0;
				TEST_HOST = "$(BUILT_PRODUCTS_DIR)/Flix.app/Flix";
			};
			name = Release;
		};
		1F477932213F514E00FBCD99 /* Debug */ = {
			isa = XCBuildConfiguration;
			baseConfigurationReference = C766EFADF83881D291714BAC /* Pods-FlixUITests.debug.xcconfig */;
			buildSettings = {
				ALWAYS_EMBED_SWIFT_STANDARD_LIBRARIES = YES;
				INFOPLIST_FILE = FlixUITests/Info.plist;
				LD_RUNPATH_SEARCH_PATHS = "$(inherited) @executable_path/Frameworks @loader_path/Frameworks";
				PRODUCT_BUNDLE_IDENTIFIER = com.sriramhariharan.FlixUITests;
				PRODUCT_NAME = "$(TARGET_NAME)";
				SWIFT_VERSION = 3.0;
				TEST_TARGET_NAME = Flix;
			};
			name = Debug;
		};
		1F477933213F514E00FBCD99 /* Release */ = {
			isa = XCBuildConfiguration;
			baseConfigurationReference = CC12FB1FD7D3768F25932FA3 /* Pods-FlixUITests.release.xcconfig */;
			buildSettings = {
				ALWAYS_EMBED_SWIFT_STANDARD_LIBRARIES = YES;
				INFOPLIST_FILE = FlixUITests/Info.plist;
				LD_RUNPATH_SEARCH_PATHS = "$(inherited) @executable_path/Frameworks @loader_path/Frameworks";
				PRODUCT_BUNDLE_IDENTIFIER = com.sriramhariharan.FlixUITests;
				PRODUCT_NAME = "$(TARGET_NAME)";
				SWIFT_VERSION = 3.0;
				TEST_TARGET_NAME = Flix;
			};
			name = Release;
		};
/* End XCBuildConfiguration section */

/* Begin XCConfigurationList section */
		1F4778FE213F514E00FBCD99 /* Build configuration list for PBXProject "Flix" */ = {
			isa = XCConfigurationList;
			buildConfigurations = (
				1F477929213F514E00FBCD99 /* Debug */,
				1F47792A213F514E00FBCD99 /* Release */,
			);
			defaultConfigurationIsVisible = 0;
			defaultConfigurationName = Release;
		};
		1F47792B213F514E00FBCD99 /* Build configuration list for PBXNativeTarget "Flix" */ = {
			isa = XCConfigurationList;
			buildConfigurations = (
				1F47792C213F514E00FBCD99 /* Debug */,
				1F47792D213F514E00FBCD99 /* Release */,
			);
			defaultConfigurationIsVisible = 0;
			defaultConfigurationName = Release;
		};
		1F47792E213F514E00FBCD99 /* Build configuration list for PBXNativeTarget "FlixTests" */ = {
			isa = XCConfigurationList;
			buildConfigurations = (
				1F47792F213F514E00FBCD99 /* Debug */,
				1F477930213F514E00FBCD99 /* Release */,
			);
			defaultConfigurationIsVisible = 0;
			defaultConfigurationName = Release;
		};
		1F477931213F514E00FBCD99 /* Build configuration list for PBXNativeTarget "FlixUITests" */ = {
			isa = XCConfigurationList;
			buildConfigurations = (
				1F477932213F514E00FBCD99 /* Debug */,
				1F477933213F514E00FBCD99 /* Release */,
			);
			defaultConfigurationIsVisible = 0;
			defaultConfigurationName = Release;
		};
/* End XCConfigurationList section */
	};
	rootObject = 1F4778FB213F514E00FBCD99 /* Project object */;
}
